
Microsoft Visual Studio Solution File, Format Version 12.00
# Visual Studio Version 17
VisualStudioVersion = 17.7.34024.191
MinimumVisualStudioVersion = 10.0.40219.1
Project("{FAE04EC0-301F-11D3-BF4B-00C04F79EFBC}") = "WindowsFormsAppok", "WindowsFormsAppok\WindowsFormsAppok.csproj", "{EE9FDC86-362A-45D4-8A64-2410AB05B169}"
EndProject
Project("{2150E333-8FDC-42A3-9474-1A3956D46DE8}") = "Pizza házi", "Pizza házi", "{5F1B0944-BD06-4F89-9DBA-055842C3E475}"
EndProject
Project("{FAE04EC0-301F-11D3-BF4B-00C04F79EFBC}") = "PizzaRendeles", "PizzaRendeles\PizzaRendeles.csproj", "{759F56A9-3667-42F5-B36D-979D258ABE8F}"
EndProject
Project("{2150E333-8FDC-42A3-9474-1A3956D46DE8}") = "tagdij", "tagdij", "{4C688D12-649C-4D03-AF88-1F4527CB2684}"
EndProject
Project("{FAE04EC0-301F-11D3-BF4B-00C04F79EFBC}") = "tagdij", "tagdij\tagdij.csproj", "{5B0ECD05-D82B-4065-9A3B-966D6F2D4FFA}"
EndProject
Global
	GlobalSection(SolutionConfigurationPlatforms) = preSolution
		Debug|Any CPU = Debug|Any CPU
		Release|Any CPU = Release|Any CPU
	EndGlobalSection
	GlobalSection(ProjectConfigurationPlatforms) = postSolution
		{EE9FDC86-362A-45D4-8A64-2410AB05B169}.Debug|Any CPU.ActiveCfg = Debug|Any CPU
		{EE9FDC86-362A-45D4-8A64-2410AB05B169}.Debug|Any CPU.Build.0 = Debug|Any CPU
		{EE9FDC86-362A-45D4-8A64-2410AB05B169}.Release|Any CPU.ActiveCfg = Release|Any CPU
		{EE9FDC86-362A-45D4-8A64-2410AB05B169}.Release|Any CPU.Build.0 = Release|Any CPU
		{759F56A9-3667-42F5-B36D-979D258ABE8F}.Debug|Any CPU.ActiveCfg = Debug|Any CPU
		{759F56A9-3667-42F5-B36D-979D258ABE8F}.Debug|Any CPU.Build.0 = Debug|Any CPU
		{759F56A9-3667-42F5-B36D-979D258ABE8F}.Release|Any CPU.ActiveCfg = Release|Any CPU
		{759F56A9-3667-42F5-B36D-979D258ABE8F}.Release|Any CPU.Build.0 = Release|Any CPU
		{5B0ECD05-D82B-4065-9A3B-966D6F2D4FFA}.Debug|Any CPU.ActiveCfg = Debug|Any CPU
		{5B0ECD05-D82B-4065-9A3B-966D6F2D4FFA}.Debug|Any CPU.Build.0 = Debug|Any CPU
		{5B0ECD05-D82B-4065-9A3B-966D6F2D4FFA}.Release|Any CPU.ActiveCfg = Release|Any CPU
		{5B0ECD05-D82B-4065-9A3B-966D6F2D4FFA}.Release|Any CPU.Build.0 = Release|Any CPU
	EndGlobalSection
	GlobalSection(SolutionProperties) = preSolution
		HideSolutionNode = FALSE
	EndGlobalSection
	GlobalSection(NestedProjects) = preSolution
		{759F56A9-3667-42F5-B36D-979D258ABE8F} = {5F1B0944-BD06-4F89-9DBA-055842C3E475}
		{5B0ECD05-D82B-4065-9A3B-966D6F2D4FFA} = {4C688D12-649C-4D03-AF88-1F4527CB2684}
	EndGlobalSection
	GlobalSection(ExtensibilityGlobals) = postSolution
		SolutionGuid = {0CAA1A06-F415-407D-AA3E-B7FBA4272FA9}
	EndGlobalSection
EndGlobal
